
Microsoft Visual Studio Solution File, Format Version 12.00
# Visual Studio Version 16
VisualStudioVersion = 16.0.29728.190
MinimumVisualStudioVersion = 10.0.40219.1
Project("{FAE04EC0-301F-11D3-BF4B-00C04F79EFBC}") = "rock-paper-scissors", "rock-paper-scissors.csproj", "{3F35807A-7393-4FAE-A204-2F64C57DEB87}"
EndProject
Global
	GlobalSection(SolutionConfigurationPlatforms) = preSolution
		Debug|Any CPU = Debug|Any CPU
		Release|Any CPU = Release|Any CPU
	EndGlobalSection
	GlobalSection(ProjectConfigurationPlatforms) = postSolution
		{3F35807A-7393-4FAE-A204-2F64C57DEB87}.Debug|Any CPU.ActiveCfg = Debug|Any CPU
		{3F35807A-7393-4FAE-A204-2F64C57DEB87}.Debug|Any CPU.Build.0 = Debug|Any CPU
		{3F35807A-7393-4FAE-A204-2F64C57DEB87}.Release|Any CPU.ActiveCfg = Release|Any CPU
		{3F35807A-7393-4FAE-A204-2F64C57DEB87}.Release|Any CPU.Build.0 = Release|Any CPU
	EndGlobalSection
	GlobalSection(SolutionProperties) = preSolution
		HideSolutionNode = FALSE
	EndGlobalSection
	GlobalSection(ExtensibilityGlobals) = postSolution
		SolutionGuid = {C337EA2F-FD52-4B6D-BCF5-03B1C8C960DC}
	EndGlobalSection
EndGlobal
